# This file is autogenerated, do not edit; changes may be undone by the next 'dep ensure'.


[[projects]]
  digest = "1:740f0e477ddda011071f5e076ac9d38a0f6cee3ad3a924ab2acdd45b74a3c05c"
  name = "github.com/apex/log"
  packages = ["."]
  pruneopts = "UT"
  revision = "941dea75d3ebfbdd905a5d8b7b232965c5e5c684"
  version = "v1.1.0"

[[projects]]
  digest = "1:2985750863d1756d5ce73cb5f785bf606839aaa8e2018ae97e6085ff406cd072"
  name = "github.com/contribsys/faktory"
  packages = ["client"]
  pruneopts = "UT"
  revision = "0bf1c9312040664dbf723f516903df97c5de90ab"
  version = "v0.9.0-beta3"

[[projects]]
  branch = "master"
  digest = "1:5b2cd542e9744bf0af41fd6265f0bc42aa9f5d8f460f5c1e8e5bd2e43d6ba02d"
  name = "github.com/contribsys/faktory_worker_go"
  packages = ["."]
  pruneopts = "UT"
  revision = "de58a756280d12741a9b36e7acc26aa9e639b178"

[[projects]]
  digest = "1:40e195917a951a8bf867cd05de2a46aaf1806c50cf92eebf4c16f78cd196f747"
  name = "github.com/pkg/errors"
  packages = ["."]
  pruneopts = "UT"
  revision = "645ef00459ed84a119197bfb8d8205042c6df63d"
  version = "v0.8.0"

[solve-meta]
  analyzer-name = "dep"
  analyzer-version = 1
  input-imports = [
    "github.com/apex/log",
    "github.com/contribsys/faktory/client",
    "github.com/contribsys/faktory_worker_go",
  ]
  solver-name = "gps-cdcl"
  solver-version = 1
